
Microsoft Visual Studio Solution File, Format Version 12.00
# Visual Studio Version 17
VisualStudioVersion = 17.0.32014.148
MinimumVisualStudioVersion = 10.0.40219.1
Project("{FAE04EC0-301F-11D3-BF4B-00C04F79EFBC}") = "Ukraine Updates", "Ukraine Updates.csproj", "{42109FF2-FBB8-48C9-B99F-1BD27204D55E}"
EndProject
Global
	GlobalSection(SolutionConfigurationPlatforms) = preSolution
		Debug|Any CPU = Debug|Any CPU
		Release|Any CPU = Release|Any CPU
	EndGlobalSection
	GlobalSection(ProjectConfigurationPlatforms) = postSolution
		{42109FF2-FBB8-48C9-B99F-1BD27204D55E}.Debug|Any CPU.ActiveCfg = Debug|Any CPU
		{42109FF2-FBB8-48C9-B99F-1BD27204D55E}.Debug|Any CPU.Build.0 = Debug|Any CPU
		{42109FF2-FBB8-48C9-B99F-1BD27204D55E}.Release|Any CPU.ActiveCfg = Release|Any CPU
		{42109FF2-FBB8-48C9-B99F-1BD27204D55E}.Release|Any CPU.Build.0 = Release|Any CPU
	EndGlobalSection
	GlobalSection(SolutionProperties) = preSolution
		HideSolutionNode = FALSE
	EndGlobalSection
	GlobalSection(ExtensibilityGlobals) = postSolution
		SolutionGuid = {6C280AE4-E211-45EE-AD43-85CF03C09E7D}
	EndGlobalSection
EndGlobal
